
Microsoft Visual Studio Solution File, Format Version 12.00
# Visual Studio 15
VisualStudioVersion = 15.0.26403.7
MinimumVisualStudioVersion = 10.0.40219.1
Project("{FAE04EC0-301F-11D3-BF4B-00C04F79EFBC}") = "CurrencyConverterApp.Android", "CurrencyConverterApp\CurrencyConverterApp.Android\CurrencyConverterApp.Android.csproj", "{D2FD5B89-3B61-414D-98E4-D488C9390B1E}"
EndProject
Project("{FAE04EC0-301F-11D3-BF4B-00C04F79EFBC}") = "CurrencyConverterApp", "CurrencyConverterApp\CurrencyConverterApp\CurrencyConverterApp.csproj", "{C6077EC6-81A5-4424-AA83-E27DFE7962B2}"
EndProject
Project("{FAE04EC0-301F-11D3-BF4B-00C04F79EFBC}") = "CurrencyConverterApp.iOS", "CurrencyConverterApp\CurrencyConverterApp.iOS\CurrencyConverterApp.iOS.csproj", "{361F7E91-7F44-47E4-AAB1-5D029CD8A993}"
EndProject
Global
	GlobalSection(SolutionConfigurationPlatforms) = preSolution
		Ad-Hoc|Any CPU = Ad-Hoc|Any CPU
		Ad-Hoc|iPhone = Ad-Hoc|iPhone
		Ad-Hoc|iPhoneSimulator = Ad-Hoc|iPhoneSimulator
		AppStore|Any CPU = AppStore|Any CPU
		AppStore|iPhone = AppStore|iPhone
		AppStore|iPhoneSimulator = AppStore|iPhoneSimulator
		Debug|Any CPU = Debug|Any CPU
		Debug|iPhone = Debug|iPhone
		Debug|iPhoneSimulator = Debug|iPhoneSimulator
		Release|Any CPU = Release|Any CPU
		Release|iPhone = Release|iPhone
		Release|iPhoneSimulator = Release|iPhoneSimulator
	EndGlobalSection
	GlobalSection(ProjectConfigurationPlatforms) = postSolution
		{D2FD5B89-3B61-414D-98E4-D488C9390B1E}.Ad-Hoc|Any CPU.ActiveCfg = Release|Any CPU
		{D2FD5B89-3B61-414D-98E4-D488C9390B1E}.Ad-Hoc|Any CPU.Build.0 = Release|Any CPU
		{D2FD5B89-3B61-414D-98E4-D488C9390B1E}.Ad-Hoc|Any CPU.Deploy.0 = Release|Any CPU
		{D2FD5B89-3B61-414D-98E4-D488C9390B1E}.Ad-Hoc|iPhone.ActiveCfg = Release|Any CPU
		{D2FD5B89-3B61-414D-98E4-D488C9390B1E}.Ad-Hoc|iPhone.Build.0 = Release|Any CPU
		{D2FD5B89-3B61-414D-98E4-D488C9390B1E}.Ad-Hoc|iPhone.Deploy.0 = Release|Any CPU
		{D2FD5B89-3B61-414D-98E4-D488C9390B1E}.Ad-Hoc|iPhoneSimulator.ActiveCfg = Release|Any CPU
		{D2FD5B89-3B61-414D-98E4-D488C9390B1E}.Ad-Hoc|iPhoneSimulator.Build.0 = Release|Any CPU
		{D2FD5B89-3B61-414D-98E4-D488C9390B1E}.Ad-Hoc|iPhoneSimulator.Deploy.0 = Release|Any CPU
		{D2FD5B89-3B61-414D-98E4-D488C9390B1E}.AppStore|Any CPU.ActiveCfg = Release|Any CPU
		{D2FD5B89-3B61-414D-98E4-D488C9390B1E}.AppStore|Any CPU.Build.0 = Release|Any CPU
		{D2FD5B89-3B61-414D-98E4-D488C9390B1E}.AppStore|Any CPU.Deploy.0 = Release|Any CPU
		{D2FD5B89-3B61-414D-98E4-D488C9390B1E}.AppStore|iPhone.ActiveCfg = Release|Any CPU
		{D2FD5B89-3B61-414D-98E4-D488C9390B1E}.AppStore|iPhone.Build.0 = Release|Any CPU
		{D2FD5B89-3B61-414D-98E4-D488C9390B1E}.AppStore|iPhone.Deploy.0 = Release|Any CPU
		{D2FD5B89-3B61-414D-98E4-D488C9390B1E}.AppStore|iPhoneSimulator.ActiveCfg = Release|Any CPU
		{D2FD5B89-3B61-414D-98E4-D488C9390B1E}.AppStore|iPhoneSimulator.Build.0 = Release|Any CPU
		{D2FD5B89-3B61-414D-98E4-D488C9390B1E}.AppStore|iPhoneSimulator.Deploy.0 = Release|Any CPU
		{D2FD5B89-3B61-414D-98E4-D488C9390B1E}.Debug|Any CPU.ActiveCfg = Debug|Any CPU
		{D2FD5B89-3B61-414D-98E4-D488C9390B1E}.Debug|Any CPU.Build.0 = Debug|Any CPU
		{D2FD5B89-3B61-414D-98E4-D488C9390B1E}.Debug|Any CPU.Deploy.0 = Debug|Any CPU
		{D2FD5B89-3B61-414D-98E4-D488C9390B1E}.Debug|iPhone.ActiveCfg = Debug|Any CPU
		{D2FD5B89-3B61-414D-98E4-D488C9390B1E}.Debug|iPhone.Build.0 = Debug|Any CPU
		{D2FD5B89-3B61-414D-98E4-D488C9390B1E}.Debug|iPhone.Deploy.0 = Debug|Any CPU
		{D2FD5B89-3B61-414D-98E4-D488C9390B1E}.Debug|iPhoneSimulator.ActiveCfg = Debug|Any CPU
		{D2FD5B89-3B61-414D-98E4-D488C9390B1E}.Debug|iPhoneSimulator.Build.0 = Debug|Any CPU
		{D2FD5B89-3B61-414D-98E4-D488C9390B1E}.Debug|iPhoneSimulator.Deploy.0 = Debug|Any CPU
		{D2FD5B89-3B61-414D-98E4-D488C9390B1E}.Release|Any CPU.ActiveCfg = Release|Any CPU
		{D2FD5B89-3B61-414D-98E4-D488C9390B1E}.Release|Any CPU.Build.0 = Release|Any CPU
		{D2FD5B89-3B61-414D-98E4-D488C9390B1E}.Release|Any CPU.Deploy.0 = Release|Any CPU
		{D2FD5B89-3B61-414D-98E4-D488C9390B1E}.Release|iPhone.ActiveCfg = Release|Any CPU
		{D2FD5B89-3B61-414D-98E4-D488C9390B1E}.Release|iPhone.Build.0 = Release|Any CPU
		{D2FD5B89-3B61-414D-98E4-D488C9390B1E}.Release|iPhone.Deploy.0 = Release|Any CPU
		{D2FD5B89-3B61-414D-98E4-D488C9390B1E}.Release|iPhoneSimulator.ActiveCfg = Release|Any CPU
		{D2FD5B89-3B61-414D-98E4-D488C9390B1E}.Release|iPhoneSimulator.Build.0 = Release|Any CPU
		{D2FD5B89-3B61-414D-98E4-D488C9390B1E}.Release|iPhoneSimulator.Deploy.0 = Release|Any CPU
		{C6077EC6-81A5-4424-AA83-E27DFE7962B2}.Ad-Hoc|Any CPU.ActiveCfg = Release|Any CPU
		{C6077EC6-81A5-4424-AA83-E27DFE7962B2}.Ad-Hoc|Any CPU.Build.0 = Release|Any CPU
		{C6077EC6-81A5-4424-AA83-E27DFE7962B2}.Ad-Hoc|iPhone.ActiveCfg = Release|Any CPU
		{C6077EC6-81A5-4424-AA83-E27DFE7962B2}.Ad-Hoc|iPhone.Build.0 = Release|Any CPU
		{C6077EC6-81A5-4424-AA83-E27DFE7962B2}.Ad-Hoc|iPhoneSimulator.ActiveCfg = Release|Any CPU
		{C6077EC6-81A5-4424-AA83-E27DFE7962B2}.Ad-Hoc|iPhoneSimulator.Build.0 = Release|Any CPU
		{C6077EC6-81A5-4424-AA83-E27DFE7962B2}.AppStore|Any CPU.ActiveCfg = Release|Any CPU
		{C6077EC6-81A5-4424-AA83-E27DFE7962B2}.AppStore|Any CPU.Build.0 = Release|Any CPU
		{C6077EC6-81A5-4424-AA83-E27DFE7962B2}.AppStore|iPhone.ActiveCfg = Release|Any CPU
		{C6077EC6-81A5-4424-AA83-E27DFE7962B2}.AppStore|iPhone.Build.0 = Release|Any CPU
		{C6077EC6-81A5-4424-AA83-E27DFE7962B2}.AppStore|iPhoneSimulator.ActiveCfg = Release|Any CPU
		{C6077EC6-81A5-4424-AA83-E27DFE7962B2}.AppStore|iPhoneSimulator.Build.0 = Release|Any CPU
		{C6077EC6-81A5-4424-AA83-E27DFE7962B2}.Debug|Any CPU.ActiveCfg = Debug|Any CPU
		{C6077EC6-81A5-4424-AA83-E27DFE7962B2}.Debug|Any CPU.Build.0 = Debug|Any CPU
		{C6077EC6-81A5-4424-AA83-E27DFE7962B2}.Debug|iPhone.ActiveCfg = Debug|Any CPU
		{C6077EC6-81A5-4424-AA83-E27DFE7962B2}.Debug|iPhone.Build.0 = Debug|Any CPU
		{C6077EC6-81A5-4424-AA83-E27DFE7962B2}.Debug|iPhoneSimulator.ActiveCfg = Debug|Any CPU
		{C6077EC6-81A5-4424-AA83-E27DFE7962B2}.Debug|iPhoneSimulator.Build.0 = Debug|Any CPU
		{C6077EC6-81A5-4424-AA83-E27DFE7962B2}.Release|Any CPU.ActiveCfg = Release|Any CPU
		{C6077EC6-81A5-4424-AA83-E27DFE7962B2}.Release|Any CPU.Build.0 = Release|Any CPU
		{C6077EC6-81A5-4424-AA83-E27DFE7962B2}.Release|iPhone.ActiveCfg = Release|Any CPU
		{C6077EC6-81A5-4424-AA83-E27DFE7962B2}.Release|iPhone.Build.0 = Release|Any CPU
		{C6077EC6-81A5-4424-AA83-E27DFE7962B2}.Release|iPhoneSimulator.ActiveCfg = Release|Any CPU
		{C6077EC6-81A5-4424-AA83-E27DFE7962B2}.Release|iPhoneSimulator.Build.0 = Release|Any CPU
		{361F7E91-7F44-47E4-AAB1-5D029CD8A993}.Ad-Hoc|Any CPU.ActiveCfg = Ad-Hoc|iPhone
		{361F7E91-7F44-47E4-AAB1-5D029CD8A993}.Ad-Hoc|iPhone.ActiveCfg = Ad-Hoc|iPhone
		{361F7E91-7F44-47E4-AAB1-5D029CD8A993}.Ad-Hoc|iPhone.Build.0 = Ad-Hoc|iPhone
		{361F7E91-7F44-47E4-AAB1-5D029CD8A993}.Ad-Hoc|iPhoneSimulator.ActiveCfg = Ad-Hoc|iPhoneSimulator
		{361F7E91-7F44-47E4-AAB1-5D029CD8A993}.Ad-Hoc|iPhoneSimulator.Build.0 = Ad-Hoc|iPhoneSimulator
		{361F7E91-7F44-47E4-AAB1-5D029CD8A993}.AppStore|Any CPU.ActiveCfg = AppStore|iPhone
		{361F7E91-7F44-47E4-AAB1-5D029CD8A993}.AppStore|iPhone.ActiveCfg = AppStore|iPhone
		{361F7E91-7F44-47E4-AAB1-5D029CD8A993}.AppStore|iPhone.Build.0 = AppStore|iPhone
		{361F7E91-7F44-47E4-AAB1-5D029CD8A993}.AppStore|iPhoneSimulator.ActiveCfg = AppStore|iPhoneSimulator
		{361F7E91-7F44-47E4-AAB1-5D029CD8A993}.AppStore|iPhoneSimulator.Build.0 = AppStore|iPhoneSimulator
		{361F7E91-7F44-47E4-AAB1-5D029CD8A993}.Debug|Any CPU.ActiveCfg = Debug|iPhone
		{361F7E91-7F44-47E4-AAB1-5D029CD8A993}.Debug|iPhone.ActiveCfg = Debug|iPhone
		{361F7E91-7F44-47E4-AAB1-5D029CD8A993}.Debug|iPhone.Build.0 = Debug|iPhone
		{361F7E91-7F44-47E4-AAB1-5D029CD8A993}.Debug|iPhoneSimulator.ActiveCfg = Debug|iPhoneSimulator
		{361F7E91-7F44-47E4-AAB1-5D029CD8A993}.Debug|iPhoneSimulator.Build.0 = Debug|iPhoneSimulator
		{361F7E91-7F44-47E4-AAB1-5D029CD8A993}.Release|Any CPU.ActiveCfg = Release|iPhone
		{361F7E91-7F44-47E4-AAB1-5D029CD8A993}.Release|iPhone.ActiveCfg = Release|iPhone
		{361F7E91-7F44-47E4-AAB1-5D029CD8A993}.Release|iPhone.Build.0 = Release|iPhone
		{361F7E91-7F44-47E4-AAB1-5D029CD8A993}.Release|iPhoneSimulator.ActiveCfg = Release|iPhoneSimulator
		{361F7E91-7F44-47E4-AAB1-5D029CD8A993}.Release|iPhoneSimulator.Build.0 = Release|iPhoneSimulator
	EndGlobalSection
	GlobalSection(SolutionProperties) = preSolution
		HideSolutionNode = FALSE
	EndGlobalSection
EndGlobal
